
Microsoft Visual Studio Solution File, Format Version 12.00
# Visual Studio Version 17
VisualStudioVersion = 17.10.35013.160
MinimumVisualStudioVersion = 10.0.40219.1
Project("{FAE04EC0-301F-11D3-BF4B-00C04F79EFBC}") = "ImprovingPhysicalHealthApp", "ImprovingPhysicalHealthApp\ImprovingPhysicalHealthApp.csproj", "{6BB5BDEF-AB04-498C-BE9E-DBB4ED2625BF}"
EndProject
Global
	GlobalSection(SolutionConfigurationPlatforms) = preSolution
		Debug|Any CPU = Debug|Any CPU
		Release|Any CPU = Release|Any CPU
	EndGlobalSection
	GlobalSection(ProjectConfigurationPlatforms) = postSolution
		{6BB5BDEF-AB04-498C-BE9E-DBB4ED2625BF}.Debug|Any CPU.ActiveCfg = Debug|Any CPU
		{6BB5BDEF-AB04-498C-BE9E-DBB4ED2625BF}.Debug|Any CPU.Build.0 = Debug|Any CPU
		{6BB5BDEF-AB04-498C-BE9E-DBB4ED2625BF}.Debug|Any CPU.Deploy.0 = Debug|Any CPU
		{6BB5BDEF-AB04-498C-BE9E-DBB4ED2625BF}.Release|Any CPU.ActiveCfg = Release|Any CPU
		{6BB5BDEF-AB04-498C-BE9E-DBB4ED2625BF}.Release|Any CPU.Build.0 = Release|Any CPU
		{6BB5BDEF-AB04-498C-BE9E-DBB4ED2625BF}.Release|Any CPU.Deploy.0 = Release|Any CPU
	EndGlobalSection
	GlobalSection(SolutionProperties) = preSolution
		HideSolutionNode = FALSE
	EndGlobalSection
	GlobalSection(ExtensibilityGlobals) = postSolution
		SolutionGuid = {88D83456-01B5-46B8-8934-A566267BDA83}
	EndGlobalSection
EndGlobal
